
Microsoft Visual Studio Solution File, Format Version 12.00
# Visual Studio 15
VisualStudioVersion = 15.0.28307.329
MinimumVisualStudioVersion = 10.0.40219.1
Project("{FAE04EC0-301F-11D3-BF4B-00C04F79EFBC}") = "cvsatdec", "cvsatdec\cvsatdec.csproj", "{5D78DD56-7D74-4798-A248-3757F9D8657F}"
EndProject
Global
	GlobalSection(SolutionConfigurationPlatforms) = preSolution
		Debug|Any CPU = Debug|Any CPU
		Release|Any CPU = Release|Any CPU
	EndGlobalSection
	GlobalSection(ProjectConfigurationPlatforms) = postSolution
		{5D78DD56-7D74-4798-A248-3757F9D8657F}.Debug|Any CPU.ActiveCfg = Debug|Any CPU
		{5D78DD56-7D74-4798-A248-3757F9D8657F}.Debug|Any CPU.Build.0 = Debug|Any CPU
		{5D78DD56-7D74-4798-A248-3757F9D8657F}.Release|Any CPU.ActiveCfg = Release|Any CPU
		{5D78DD56-7D74-4798-A248-3757F9D8657F}.Release|Any CPU.Build.0 = Release|Any CPU
	EndGlobalSection
	GlobalSection(SolutionProperties) = preSolution
		HideSolutionNode = FALSE
	EndGlobalSection
	GlobalSection(ExtensibilityGlobals) = postSolution
		SolutionGuid = {92B872E0-2958-45CB-8E32-E0E73FDBB5A7}
	EndGlobalSection
EndGlobal
